
Microsoft Visual Studio Solution File, Format Version 12.00
# Visual Studio 15
VisualStudioVersion = 15.0.27703.2026
MinimumVisualStudioVersion = 10.0.40219.1
Project("{9A19103F-16F7-4668-BE54-9A1E7A4F7556}") = "hloud-net", "cloud-api-net\hloud-net.csproj", "{DBA53C80-1A17-43FB-8030-92262AFC33CD}"
EndProject
Project("{FAE04EC0-301F-11D3-BF4B-00C04F79EFBC}") = "wpf-demo", "wpf-demo\wpf-demo.csproj", "{FD40D827-FD3D-4B82-9E32-47B1353560C6}"
EndProject
Global
	GlobalSection(SolutionConfigurationPlatforms) = preSolution
		Ad-Hoc|Any CPU = Ad-Hoc|Any CPU
		Ad-Hoc|ARM = Ad-Hoc|ARM
		Ad-Hoc|iPhone = Ad-Hoc|iPhone
		Ad-Hoc|iPhoneSimulator = Ad-Hoc|iPhoneSimulator
		Ad-Hoc|x64 = Ad-Hoc|x64
		Ad-Hoc|x86 = Ad-Hoc|x86
		AppStore|Any CPU = AppStore|Any CPU
		AppStore|ARM = AppStore|ARM
		AppStore|iPhone = AppStore|iPhone
		AppStore|iPhoneSimulator = AppStore|iPhoneSimulator
		AppStore|x64 = AppStore|x64
		AppStore|x86 = AppStore|x86
		Debug|Any CPU = Debug|Any CPU
		Debug|ARM = Debug|ARM
		Debug|iPhone = Debug|iPhone
		Debug|iPhoneSimulator = Debug|iPhoneSimulator
		Debug|x64 = Debug|x64
		Debug|x86 = Debug|x86
		Release|Any CPU = Release|Any CPU
		Release|ARM = Release|ARM
		Release|iPhone = Release|iPhone
		Release|iPhoneSimulator = Release|iPhoneSimulator
		Release|x64 = Release|x64
		Release|x86 = Release|x86
	EndGlobalSection
	GlobalSection(ProjectConfigurationPlatforms) = postSolution
		{DBA53C80-1A17-43FB-8030-92262AFC33CD}.Ad-Hoc|Any CPU.ActiveCfg = Debug|Any CPU
		{DBA53C80-1A17-43FB-8030-92262AFC33CD}.Ad-Hoc|Any CPU.Build.0 = Debug|Any CPU
		{DBA53C80-1A17-43FB-8030-92262AFC33CD}.Ad-Hoc|ARM.ActiveCfg = Debug|Any CPU
		{DBA53C80-1A17-43FB-8030-92262AFC33CD}.Ad-Hoc|ARM.Build.0 = Debug|Any CPU
		{DBA53C80-1A17-43FB-8030-92262AFC33CD}.Ad-Hoc|iPhone.ActiveCfg = Debug|Any CPU
		{DBA53C80-1A17-43FB-8030-92262AFC33CD}.Ad-Hoc|iPhone.Build.0 = Debug|Any CPU
		{DBA53C80-1A17-43FB-8030-92262AFC33CD}.Ad-Hoc|iPhoneSimulator.ActiveCfg = Debug|Any CPU
		{DBA53C80-1A17-43FB-8030-92262AFC33CD}.Ad-Hoc|iPhoneSimulator.Build.0 = Debug|Any CPU
		{DBA53C80-1A17-43FB-8030-92262AFC33CD}.Ad-Hoc|x64.ActiveCfg = Debug|Any CPU
		{DBA53C80-1A17-43FB-8030-92262AFC33CD}.Ad-Hoc|x64.Build.0 = Debug|Any CPU
		{DBA53C80-1A17-43FB-8030-92262AFC33CD}.Ad-Hoc|x86.ActiveCfg = Debug|Any CPU
		{DBA53C80-1A17-43FB-8030-92262AFC33CD}.Ad-Hoc|x86.Build.0 = Debug|Any CPU
		{DBA53C80-1A17-43FB-8030-92262AFC33CD}.AppStore|Any CPU.ActiveCfg = Debug|Any CPU
		{DBA53C80-1A17-43FB-8030-92262AFC33CD}.AppStore|Any CPU.Build.0 = Debug|Any CPU
		{DBA53C80-1A17-43FB-8030-92262AFC33CD}.AppStore|ARM.ActiveCfg = Debug|Any CPU
		{DBA53C80-1A17-43FB-8030-92262AFC33CD}.AppStore|ARM.Build.0 = Debug|Any CPU
		{DBA53C80-1A17-43FB-8030-92262AFC33CD}.AppStore|iPhone.ActiveCfg = Debug|Any CPU
		{DBA53C80-1A17-43FB-8030-92262AFC33CD}.AppStore|iPhone.Build.0 = Debug|Any CPU
		{DBA53C80-1A17-43FB-8030-92262AFC33CD}.AppStore|iPhoneSimulator.ActiveCfg = Debug|Any CPU
		{DBA53C80-1A17-43FB-8030-92262AFC33CD}.AppStore|iPhoneSimulator.Build.0 = Debug|Any CPU
		{DBA53C80-1A17-43FB-8030-92262AFC33CD}.AppStore|x64.ActiveCfg = Debug|Any CPU
		{DBA53C80-1A17-43FB-8030-92262AFC33CD}.AppStore|x64.Build.0 = Debug|Any CPU
		{DBA53C80-1A17-43FB-8030-92262AFC33CD}.AppStore|x86.ActiveCfg = Debug|Any CPU
		{DBA53C80-1A17-43FB-8030-92262AFC33CD}.AppStore|x86.Build.0 = Debug|Any CPU
		{DBA53C80-1A17-43FB-8030-92262AFC33CD}.Debug|Any CPU.ActiveCfg = Debug|Any CPU
		{DBA53C80-1A17-43FB-8030-92262AFC33CD}.Debug|Any CPU.Build.0 = Debug|Any CPU
		{DBA53C80-1A17-43FB-8030-92262AFC33CD}.Debug|ARM.ActiveCfg = Debug|Any CPU
		{DBA53C80-1A17-43FB-8030-92262AFC33CD}.Debug|ARM.Build.0 = Debug|Any CPU
		{DBA53C80-1A17-43FB-8030-92262AFC33CD}.Debug|iPhone.ActiveCfg = Debug|Any CPU
		{DBA53C80-1A17-43FB-8030-92262AFC33CD}.Debug|iPhone.Build.0 = Debug|Any CPU
		{DBA53C80-1A17-43FB-8030-92262AFC33CD}.Debug|iPhoneSimulator.ActiveCfg = Debug|Any CPU
		{DBA53C80-1A17-43FB-8030-92262AFC33CD}.Debug|iPhoneSimulator.Build.0 = Debug|Any CPU
		{DBA53C80-1A17-43FB-8030-92262AFC33CD}.Debug|x64.ActiveCfg = Debug|Any CPU
		{DBA53C80-1A17-43FB-8030-92262AFC33CD}.Debug|x64.Build.0 = Debug|Any CPU
		{DBA53C80-1A17-43FB-8030-92262AFC33CD}.Debug|x86.ActiveCfg = Debug|Any CPU
		{DBA53C80-1A17-43FB-8030-92262AFC33CD}.Debug|x86.Build.0 = Debug|Any CPU
		{DBA53C80-1A17-43FB-8030-92262AFC33CD}.Release|Any CPU.ActiveCfg = Release|Any CPU
		{DBA53C80-1A17-43FB-8030-92262AFC33CD}.Release|Any CPU.Build.0 = Release|Any CPU
		{DBA53C80-1A17-43FB-8030-92262AFC33CD}.Release|ARM.ActiveCfg = Release|Any CPU
		{DBA53C80-1A17-43FB-8030-92262AFC33CD}.Release|ARM.Build.0 = Release|Any CPU
		{DBA53C80-1A17-43FB-8030-92262AFC33CD}.Release|iPhone.ActiveCfg = Release|Any CPU
		{DBA53C80-1A17-43FB-8030-92262AFC33CD}.Release|iPhone.Build.0 = Release|Any CPU
		{DBA53C80-1A17-43FB-8030-92262AFC33CD}.Release|iPhoneSimulator.ActiveCfg = Release|Any CPU
		{DBA53C80-1A17-43FB-8030-92262AFC33CD}.Release|iPhoneSimulator.Build.0 = Release|Any CPU
		{DBA53C80-1A17-43FB-8030-92262AFC33CD}.Release|x64.ActiveCfg = Release|Any CPU
		{DBA53C80-1A17-43FB-8030-92262AFC33CD}.Release|x64.Build.0 = Release|Any CPU
		{DBA53C80-1A17-43FB-8030-92262AFC33CD}.Release|x86.ActiveCfg = Release|Any CPU
		{DBA53C80-1A17-43FB-8030-92262AFC33CD}.Release|x86.Build.0 = Release|Any CPU
		{FD40D827-FD3D-4B82-9E32-47B1353560C6}.Ad-Hoc|Any CPU.ActiveCfg = Release|Any CPU
		{FD40D827-FD3D-4B82-9E32-47B1353560C6}.Ad-Hoc|Any CPU.Build.0 = Release|Any CPU
		{FD40D827-FD3D-4B82-9E32-47B1353560C6}.Ad-Hoc|ARM.ActiveCfg = Release|Any CPU
		{FD40D827-FD3D-4B82-9E32-47B1353560C6}.Ad-Hoc|ARM.Build.0 = Release|Any CPU
		{FD40D827-FD3D-4B82-9E32-47B1353560C6}.Ad-Hoc|iPhone.ActiveCfg = Release|Any CPU
		{FD40D827-FD3D-4B82-9E32-47B1353560C6}.Ad-Hoc|iPhone.Build.0 = Release|Any CPU
		{FD40D827-FD3D-4B82-9E32-47B1353560C6}.Ad-Hoc|iPhoneSimulator.ActiveCfg = Release|Any CPU
		{FD40D827-FD3D-4B82-9E32-47B1353560C6}.Ad-Hoc|iPhoneSimulator.Build.0 = Release|Any CPU
		{FD40D827-FD3D-4B82-9E32-47B1353560C6}.Ad-Hoc|x64.ActiveCfg = Release|Any CPU
		{FD40D827-FD3D-4B82-9E32-47B1353560C6}.Ad-Hoc|x64.Build.0 = Release|Any CPU
		{FD40D827-FD3D-4B82-9E32-47B1353560C6}.Ad-Hoc|x86.ActiveCfg = Release|Any CPU
		{FD40D827-FD3D-4B82-9E32-47B1353560C6}.Ad-Hoc|x86.Build.0 = Release|Any CPU
		{FD40D827-FD3D-4B82-9E32-47B1353560C6}.AppStore|Any CPU.ActiveCfg = Release|Any CPU
		{FD40D827-FD3D-4B82-9E32-47B1353560C6}.AppStore|Any CPU.Build.0 = Release|Any CPU
		{FD40D827-FD3D-4B82-9E32-47B1353560C6}.AppStore|ARM.ActiveCfg = Release|Any CPU
		{FD40D827-FD3D-4B82-9E32-47B1353560C6}.AppStore|ARM.Build.0 = Release|Any CPU
		{FD40D827-FD3D-4B82-9E32-47B1353560C6}.AppStore|iPhone.ActiveCfg = Release|Any CPU
		{FD40D827-FD3D-4B82-9E32-47B1353560C6}.AppStore|iPhone.Build.0 = Release|Any CPU
		{FD40D827-FD3D-4B82-9E32-47B1353560C6}.AppStore|iPhoneSimulator.ActiveCfg = Release|Any CPU
		{FD40D827-FD3D-4B82-9E32-47B1353560C6}.AppStore|iPhoneSimulator.Build.0 = Release|Any CPU
		{FD40D827-FD3D-4B82-9E32-47B1353560C6}.AppStore|x64.ActiveCfg = Release|Any CPU
		{FD40D827-FD3D-4B82-9E32-47B1353560C6}.AppStore|x64.Build.0 = Release|Any CPU
		{FD40D827-FD3D-4B82-9E32-47B1353560C6}.AppStore|x86.ActiveCfg = Release|Any CPU
		{FD40D827-FD3D-4B82-9E32-47B1353560C6}.AppStore|x86.Build.0 = Release|Any CPU
		{FD40D827-FD3D-4B82-9E32-47B1353560C6}.Debug|Any CPU.ActiveCfg = Debug|Any CPU
		{FD40D827-FD3D-4B82-9E32-47B1353560C6}.Debug|Any CPU.Build.0 = Debug|Any CPU
		{FD40D827-FD3D-4B82-9E32-47B1353560C6}.Debug|ARM.ActiveCfg = Debug|Any CPU
		{FD40D827-FD3D-4B82-9E32-47B1353560C6}.Debug|ARM.Build.0 = Debug|Any CPU
		{FD40D827-FD3D-4B82-9E32-47B1353560C6}.Debug|iPhone.ActiveCfg = Debug|Any CPU
		{FD40D827-FD3D-4B82-9E32-47B1353560C6}.Debug|iPhone.Build.0 = Debug|Any CPU
		{FD40D827-FD3D-4B82-9E32-47B1353560C6}.Debug|iPhoneSimulator.ActiveCfg = Debug|Any CPU
		{FD40D827-FD3D-4B82-9E32-47B1353560C6}.Debug|iPhoneSimulator.Build.0 = Debug|Any CPU
		{FD40D827-FD3D-4B82-9E32-47B1353560C6}.Debug|x64.ActiveCfg = Debug|Any CPU
		{FD40D827-FD3D-4B82-9E32-47B1353560C6}.Debug|x64.Build.0 = Debug|Any CPU
		{FD40D827-FD3D-4B82-9E32-47B1353560C6}.Debug|x86.ActiveCfg = Debug|Any CPU
		{FD40D827-FD3D-4B82-9E32-47B1353560C6}.Debug|x86.Build.0 = Debug|Any CPU
		{FD40D827-FD3D-4B82-9E32-47B1353560C6}.Release|Any CPU.ActiveCfg = Release|Any CPU
		{FD40D827-FD3D-4B82-9E32-47B1353560C6}.Release|Any CPU.Build.0 = Release|Any CPU
		{FD40D827-FD3D-4B82-9E32-47B1353560C6}.Release|ARM.ActiveCfg = Release|Any CPU
		{FD40D827-FD3D-4B82-9E32-47B1353560C6}.Release|ARM.Build.0 = Release|Any CPU
		{FD40D827-FD3D-4B82-9E32-47B1353560C6}.Release|iPhone.ActiveCfg = Release|Any CPU
		{FD40D827-FD3D-4B82-9E32-47B1353560C6}.Release|iPhone.Build.0 = Release|Any CPU
		{FD40D827-FD3D-4B82-9E32-47B1353560C6}.Release|iPhoneSimulator.ActiveCfg = Release|Any CPU
		{FD40D827-FD3D-4B82-9E32-47B1353560C6}.Release|iPhoneSimulator.Build.0 = Release|Any CPU
		{FD40D827-FD3D-4B82-9E32-47B1353560C6}.Release|x64.ActiveCfg = Release|Any CPU
		{FD40D827-FD3D-4B82-9E32-47B1353560C6}.Release|x64.Build.0 = Release|Any CPU
		{FD40D827-FD3D-4B82-9E32-47B1353560C6}.Release|x86.ActiveCfg = Release|Any CPU
		{FD40D827-FD3D-4B82-9E32-47B1353560C6}.Release|x86.Build.0 = Release|Any CPU
	EndGlobalSection
	GlobalSection(SolutionProperties) = preSolution
		HideSolutionNode = FALSE
	EndGlobalSection
	GlobalSection(ExtensibilityGlobals) = postSolution
		SolutionGuid = {A20B82F6-9B7B-45D2-A4BB-06485CAD4B4C}
	EndGlobalSection
EndGlobal
